
Microsoft Visual Studio Solution File, Format Version 12.00
# Visual Studio Version 17
VisualStudioVersion = 17.6.33723.286
MinimumVisualStudioVersion = 10.0.40219.1
Project("{2150E333-8FDC-42A3-9474-1A3956D46DE8}") = "CapasBase", "CapasBase", "{FB12E359-3FD7-4454-A41A-5839034767D0}"
EndProject
Project("{2150E333-8FDC-42A3-9474-1A3956D46DE8}") = "Escritorio", "Escritorio", "{6F346C9E-7B20-4399-859A-E9DD39595403}"
EndProject
Project("{2150E333-8FDC-42A3-9474-1A3956D46DE8}") = "Web", "Web", "{FDBF876E-A2A6-493D-A484-17218A3690A4}"
EndProject
Project("{2150E333-8FDC-42A3-9474-1A3956D46DE8}") = "Movil", "Movil", "{D1875B34-E449-4A75-9AB6-AAF4A38FF874}"
EndProject
Project("{2150E333-8FDC-42A3-9474-1A3956D46DE8}") = "Hardware", "Hardware", "{8E55E0BD-2031-42A5-A81F-1DDBD451D362}"
EndProject
Project("{9A19103F-16F7-4668-BE54-9A1E7A4F7556}") = "COMMON", "COMMON\COMMON.csproj", "{CF1D44A8-F5C6-4A4E-A576-1CE27C824088}"
EndProject
Project("{9A19103F-16F7-4668-BE54-9A1E7A4F7556}") = "DAL", "DAL\DAL.csproj", "{E4A02416-4208-4F0B-B396-869305AF59B3}"
EndProject
Project("{9A19103F-16F7-4668-BE54-9A1E7A4F7556}") = "BIZ", "BIZ\BIZ.csproj", "{38697B2B-238C-4275-ABD4-8EFF0BD63570}"
EndProject
Project("{9A19103F-16F7-4668-BE54-9A1E7A4F7556}") = "WebAPI", "WebAPI\WebAPI.csproj", "{731435E5-2B18-431F-A3B5-C5B6AFC045C0}"
EndProject
Project("{9A19103F-16F7-4668-BE54-9A1E7A4F7556}") = "WebServer", "WebServer\WebServer.csproj", "{73579E96-2FAB-4726-9568-07902F11A836}"
EndProject
Project("{9A19103F-16F7-4668-BE54-9A1E7A4F7556}") = "MovilApp", "MovilApp\MovilApp.csproj", "{D50911E6-944F-49A5-83C5-32D889FD94CD}"
EndProject
Project("{2150E333-8FDC-42A3-9474-1A3956D46DE8}") = "Elementos de la solución", "Elementos de la solución", "{F12F1954-ECAE-44B2-B937-9BC3AB45D059}"
	ProjectSection(SolutionItems) = preProject
		README.md = README.md
	EndProjectSection
EndProject
Global
	GlobalSection(SolutionConfigurationPlatforms) = preSolution
		Debug|Any CPU = Debug|Any CPU
		Release|Any CPU = Release|Any CPU
	EndGlobalSection
	GlobalSection(ProjectConfigurationPlatforms) = postSolution
		{CF1D44A8-F5C6-4A4E-A576-1CE27C824088}.Debug|Any CPU.ActiveCfg = Debug|Any CPU
		{CF1D44A8-F5C6-4A4E-A576-1CE27C824088}.Debug|Any CPU.Build.0 = Debug|Any CPU
		{CF1D44A8-F5C6-4A4E-A576-1CE27C824088}.Release|Any CPU.ActiveCfg = Release|Any CPU
		{CF1D44A8-F5C6-4A4E-A576-1CE27C824088}.Release|Any CPU.Build.0 = Release|Any CPU
		{E4A02416-4208-4F0B-B396-869305AF59B3}.Debug|Any CPU.ActiveCfg = Debug|Any CPU
		{E4A02416-4208-4F0B-B396-869305AF59B3}.Debug|Any CPU.Build.0 = Debug|Any CPU
		{E4A02416-4208-4F0B-B396-869305AF59B3}.Release|Any CPU.ActiveCfg = Release|Any CPU
		{E4A02416-4208-4F0B-B396-869305AF59B3}.Release|Any CPU.Build.0 = Release|Any CPU
		{38697B2B-238C-4275-ABD4-8EFF0BD63570}.Debug|Any CPU.ActiveCfg = Debug|Any CPU
		{38697B2B-238C-4275-ABD4-8EFF0BD63570}.Debug|Any CPU.Build.0 = Debug|Any CPU
		{38697B2B-238C-4275-ABD4-8EFF0BD63570}.Release|Any CPU.ActiveCfg = Release|Any CPU
		{38697B2B-238C-4275-ABD4-8EFF0BD63570}.Release|Any CPU.Build.0 = Release|Any CPU
		{731435E5-2B18-431F-A3B5-C5B6AFC045C0}.Debug|Any CPU.ActiveCfg = Debug|Any CPU
		{731435E5-2B18-431F-A3B5-C5B6AFC045C0}.Debug|Any CPU.Build.0 = Debug|Any CPU
		{731435E5-2B18-431F-A3B5-C5B6AFC045C0}.Release|Any CPU.ActiveCfg = Release|Any CPU
		{731435E5-2B18-431F-A3B5-C5B6AFC045C0}.Release|Any CPU.Build.0 = Release|Any CPU
		{73579E96-2FAB-4726-9568-07902F11A836}.Debug|Any CPU.ActiveCfg = Debug|Any CPU
		{73579E96-2FAB-4726-9568-07902F11A836}.Debug|Any CPU.Build.0 = Debug|Any CPU
		{73579E96-2FAB-4726-9568-07902F11A836}.Release|Any CPU.ActiveCfg = Release|Any CPU
		{73579E96-2FAB-4726-9568-07902F11A836}.Release|Any CPU.Build.0 = Release|Any CPU
		{D50911E6-944F-49A5-83C5-32D889FD94CD}.Debug|Any CPU.ActiveCfg = Debug|Any CPU
		{D50911E6-944F-49A5-83C5-32D889FD94CD}.Debug|Any CPU.Build.0 = Debug|Any CPU
		{D50911E6-944F-49A5-83C5-32D889FD94CD}.Debug|Any CPU.Deploy.0 = Debug|Any CPU
		{D50911E6-944F-49A5-83C5-32D889FD94CD}.Release|Any CPU.ActiveCfg = Release|Any CPU
		{D50911E6-944F-49A5-83C5-32D889FD94CD}.Release|Any CPU.Build.0 = Release|Any CPU
		{D50911E6-944F-49A5-83C5-32D889FD94CD}.Release|Any CPU.Deploy.0 = Release|Any CPU
	EndGlobalSection
	GlobalSection(SolutionProperties) = preSolution
		HideSolutionNode = FALSE
	EndGlobalSection
	GlobalSection(NestedProjects) = preSolution
		{CF1D44A8-F5C6-4A4E-A576-1CE27C824088} = {FB12E359-3FD7-4454-A41A-5839034767D0}
		{E4A02416-4208-4F0B-B396-869305AF59B3} = {FB12E359-3FD7-4454-A41A-5839034767D0}
		{38697B2B-238C-4275-ABD4-8EFF0BD63570} = {FB12E359-3FD7-4454-A41A-5839034767D0}
		{731435E5-2B18-431F-A3B5-C5B6AFC045C0} = {FDBF876E-A2A6-493D-A484-17218A3690A4}
		{73579E96-2FAB-4726-9568-07902F11A836} = {FDBF876E-A2A6-493D-A484-17218A3690A4}
		{D50911E6-944F-49A5-83C5-32D889FD94CD} = {D1875B34-E449-4A75-9AB6-AAF4A38FF874}
	EndGlobalSection
	GlobalSection(ExtensibilityGlobals) = postSolution
		SolutionGuid = {993430F9-74D2-4D9E-AECB-7D07973823FF}
	EndGlobalSection
EndGlobal
